
Microsoft Visual Studio Solution File, Format Version 12.00
# Visual Studio 14
VisualStudioVersion = 14.0.23107.0
MinimumVisualStudioVersion = 10.0.40219.1
Project("{FAE04EC0-301F-11D3-BF4B-00C04F79EFBC}") = "AvitoRuslanParser", "AvitoRuslanParser.csproj", "{4ACCA5D9-EA77-4FE8-9723-08F5593BFBCF}"
	ProjectSection(ProjectDependencies) = postProject
		{8ADA93A4-1E6C-4C8F-BE60-BA047AFA888D} = {8ADA93A4-1E6C-4C8F-BE60-BA047AFA888D}
	EndProjectSection
EndProject
Project("{FAE04EC0-301F-11D3-BF4B-00C04F79EFBC}") = "ParsersChe", "ParsersChe\ParsersChe.csproj", "{8ADA93A4-1E6C-4C8F-BE60-BA047AFA888D}"
EndProject
Project("{2150E333-8FDC-42A3-9474-1A3956D46DE8}") = "Solution Items", "Solution Items", "{44F2550E-BD51-4774-9316-04BFFE31293D}"
	ProjectSection(SolutionItems) = preProject
		Performance1.psess = Performance1.psess
	EndProjectSection
EndProject
Global
	GlobalSection(Performance) = preSolution
		HasPerformanceSessions = true
	EndGlobalSection
	GlobalSection(SolutionConfigurationPlatforms) = preSolution
		Debug|Any CPU = Debug|Any CPU
		Release|Any CPU = Release|Any CPU
	EndGlobalSection
	GlobalSection(ProjectConfigurationPlatforms) = postSolution
		{4ACCA5D9-EA77-4FE8-9723-08F5593BFBCF}.Debug|Any CPU.ActiveCfg = Debug|Any CPU
		{4ACCA5D9-EA77-4FE8-9723-08F5593BFBCF}.Debug|Any CPU.Build.0 = Debug|Any CPU
		{4ACCA5D9-EA77-4FE8-9723-08F5593BFBCF}.Release|Any CPU.ActiveCfg = Release|Any CPU
		{4ACCA5D9-EA77-4FE8-9723-08F5593BFBCF}.Release|Any CPU.Build.0 = Release|Any CPU
		{8ADA93A4-1E6C-4C8F-BE60-BA047AFA888D}.Debug|Any CPU.ActiveCfg = Debug|Any CPU
		{8ADA93A4-1E6C-4C8F-BE60-BA047AFA888D}.Debug|Any CPU.Build.0 = Debug|Any CPU
		{8ADA93A4-1E6C-4C8F-BE60-BA047AFA888D}.Release|Any CPU.ActiveCfg = Release|Any CPU
		{8ADA93A4-1E6C-4C8F-BE60-BA047AFA888D}.Release|Any CPU.Build.0 = Release|Any CPU
	EndGlobalSection
	GlobalSection(SolutionProperties) = preSolution
		HideSolutionNode = FALSE
	EndGlobalSection
EndGlobal
